
Microsoft Visual Studio Solution File, Format Version 12.00
# Visual Studio 15
VisualStudioVersion = 15.0.26430.14
MinimumVisualStudioVersion = 10.0.40219.1
Project("{FAE04EC0-301F-11D3-BF4B-00C04F79EFBC}") = "Nesp.NET4", "Nesp.NET4\Nesp.NET4.csproj", "{62A59A77-D13B-4370-AEF3-9811148EC2B0}"
EndProject
Project("{FAE04EC0-301F-11D3-BF4B-00C04F79EFBC}") = "Nesp.Core", "Nesp.Core\Nesp.Core.csproj", "{4611AB6D-9405-4DEC-8691-583F7F691C35}"
EndProject
Project("{FAE04EC0-301F-11D3-BF4B-00C04F79EFBC}") = "Nesp.Core.Tests", "Nesp.Core.Tests\Nesp.Core.Tests.csproj", "{030282E8-4B66-4BE4-B254-BD0A513B15B1}"
EndProject
Project("{2150E333-8FDC-42A3-9474-1A3956D46DE8}") = "Solution Items", "Solution Items", "{9A889616-D482-4D78-B723-C3F168E6AD96}"
	ProjectSection(SolutionItems) = preProject
		.gitignore = .gitignore
		LICENSE = LICENSE
		README.md = README.md
	EndProjectSection
EndProject
Project("{2150E333-8FDC-42A3-9474-1A3956D46DE8}") = "Images", "Images", "{54CAE99B-8608-4011-94FC-AABB781591B7}"
	ProjectSection(SolutionItems) = preProject
		Images\Nesp.png = Images\Nesp.png
		Images\Nesp512.png = Images\Nesp512.png
		Images\NespRepl.png = Images\NespRepl.png
	EndProjectSection
EndProject
Project("{2150E333-8FDC-42A3-9474-1A3956D46DE8}") = ".nuget", ".nuget", "{E780B37F-88C4-4146-9629-D7CD6E5FEFD2}"
	ProjectSection(SolutionItems) = preProject
		.nuget\NuGet.Config = .nuget\NuGet.Config
		.nuget\nuget.exe = .nuget\nuget.exe
	EndProjectSection
EndProject
Global
	GlobalSection(SolutionConfigurationPlatforms) = preSolution
		Debug|Any CPU = Debug|Any CPU
		Release|Any CPU = Release|Any CPU
	EndGlobalSection
	GlobalSection(ProjectConfigurationPlatforms) = postSolution
		{62A59A77-D13B-4370-AEF3-9811148EC2B0}.Debug|Any CPU.ActiveCfg = Debug|Any CPU
		{62A59A77-D13B-4370-AEF3-9811148EC2B0}.Debug|Any CPU.Build.0 = Debug|Any CPU
		{62A59A77-D13B-4370-AEF3-9811148EC2B0}.Release|Any CPU.ActiveCfg = Release|Any CPU
		{62A59A77-D13B-4370-AEF3-9811148EC2B0}.Release|Any CPU.Build.0 = Release|Any CPU
		{4611AB6D-9405-4DEC-8691-583F7F691C35}.Debug|Any CPU.ActiveCfg = Debug|Any CPU
		{4611AB6D-9405-4DEC-8691-583F7F691C35}.Debug|Any CPU.Build.0 = Debug|Any CPU
		{4611AB6D-9405-4DEC-8691-583F7F691C35}.Release|Any CPU.ActiveCfg = Release|Any CPU
		{4611AB6D-9405-4DEC-8691-583F7F691C35}.Release|Any CPU.Build.0 = Release|Any CPU
		{030282E8-4B66-4BE4-B254-BD0A513B15B1}.Debug|Any CPU.ActiveCfg = Debug|Any CPU
		{030282E8-4B66-4BE4-B254-BD0A513B15B1}.Debug|Any CPU.Build.0 = Debug|Any CPU
		{030282E8-4B66-4BE4-B254-BD0A513B15B1}.Release|Any CPU.ActiveCfg = Release|Any CPU
		{030282E8-4B66-4BE4-B254-BD0A513B15B1}.Release|Any CPU.Build.0 = Release|Any CPU
	EndGlobalSection
	GlobalSection(SolutionProperties) = preSolution
		HideSolutionNode = FALSE
	EndGlobalSection
	GlobalSection(NestedProjects) = preSolution
		{54CAE99B-8608-4011-94FC-AABB781591B7} = {9A889616-D482-4D78-B723-C3F168E6AD96}
	EndGlobalSection
EndGlobal
